// !$*UTF8*$!
{
	archiveVersion = 1;
	classes = {
	};
	objectVersion = 50;
	objects = {

/* Begin PBXBuildFile section */
		B5447213237E79760023BC16 /* main.swift in Sources */ = {isa = PBXBuildFile; fileRef = B5447212237E79760023BC16 /* main.swift */; };
		B5447245237E9DC90023BC16 /* CommandLineTool.swift in Sources */ = {isa = PBXBuildFile; fileRef = B5447244237E9DC90023BC16 /* CommandLineTool.swift */; };
		B5447249237FEFA10023BC16 /* Parser.swift in Sources */ = {isa = PBXBuildFile; fileRef = B5447248237FEFA10023BC16 /* Parser.swift */; };
		B544724C238273680023BC16 /* String+extension.swift in Sources */ = {isa = PBXBuildFile; fileRef = B544724B238273680023BC16 /* String+extension.swift */; };
		B544724E2382738F0023BC16 /* NSRegularExpression+Extension.swift in Sources */ = {isa = PBXBuildFile; fileRef = B544724D2382738F0023BC16 /* NSRegularExpression+Extension.swift */; };
		B5447250238273F60023BC16 /* FileManager+extension.swift in Sources */ = {isa = PBXBuildFile; fileRef = B544724F238273F60023BC16 /* FileManager+extension.swift */; };
		B54472522382740A0023BC16 /* FileHandle+extension.swift in Sources */ = {isa = PBXBuildFile; fileRef = B54472512382740A0023BC16 /* FileHandle+extension.swift */; };
		B54472542382741B0023BC16 /* URL+extension.swift in Sources */ = {isa = PBXBuildFile; fileRef = B54472532382741B0023BC16 /* URL+extension.swift */; };
		B5447258238275660023BC16 /* Constants.swift in Sources */ = {isa = PBXBuildFile; fileRef = B5447257238275660023BC16 /* Constants.swift */; };
		B544725B238292DC0023BC16 /* Config.swift in Sources */ = {isa = PBXBuildFile; fileRef = B544725A238292DC0023BC16 /* Config.swift */; };
/* End PBXBuildFile section */

/* Begin PBXCopyFilesBuildPhase section */
		B544720D237E79760023BC16 /* CopyFiles */ = {
			isa = PBXCopyFilesBuildPhase;
			buildActionMask = 2147483647;
			dstPath = /usr/share/man/man1/;
			dstSubfolderSpec = 0;
			files = (
			);
			runOnlyForDeploymentPostprocessing = 1;
		};
/* End PBXCopyFilesBuildPhase section */

/* Begin PBXFileReference section */
		B544720F237E79760023BC16 /* PICommandLineTool */ = {isa = PBXFileReference; explicitFileType = "compiled.mach-o.executable"; includeInIndex = 0; path = PICommandLineTool; sourceTree = BUILT_PRODUCTS_DIR; };
		B5447212237E79760023BC16 /* main.swift */ = {isa = PBXFileReference; lastKnownFileType = sourcecode.swift; path = main.swift; sourceTree = "<group>"; };
		B5447244237E9DC90023BC16 /* CommandLineTool.swift */ = {isa = PBXFileReference; lastKnownFileType = sourcecode.swift; path = CommandLineTool.swift; sourceTree = "<group>"; };
		B5447248237FEFA10023BC16 /* Parser.swift */ = {isa = PBXFileReference; lastKnownFileType = sourcecode.swift; path = Parser.swift; sourceTree = "<group>"; };
		B544724B238273680023BC16 /* String+extension.swift */ = {isa = PBXFileReference; lastKnownFileType = sourcecode.swift; path = "String+extension.swift"; sourceTree = "<group>"; };
		B544724D2382738F0023BC16 /* NSRegularExpression+Extension.swift */ = {isa = PBXFileReference; lastKnownFileType = sourcecode.swift; path = "NSRegularExpression+Extension.swift"; sourceTree = "<group>"; };
		B544724F238273F60023BC16 /* FileManager+extension.swift */ = {isa = PBXFileReference; lastKnownFileType = sourcecode.swift; path = "FileManager+extension.swift"; sourceTree = "<group>"; };
		B54472512382740A0023BC16 /* FileHandle+extension.swift */ = {isa = PBXFileReference; lastKnownFileType = sourcecode.swift; path = "FileHandle+extension.swift"; sourceTree = "<group>"; };
		B54472532382741B0023BC16 /* URL+extension.swift */ = {isa = PBXFileReference; lastKnownFileType = sourcecode.swift; path = "URL+extension.swift"; sourceTree = "<group>"; };
		B5447257238275660023BC16 /* Constants.swift */ = {isa = PBXFileReference; lastKnownFileType = sourcecode.swift; path = Constants.swift; sourceTree = "<group>"; };
		B544725A238292DC0023BC16 /* Config.swift */ = {isa = PBXFileReference; lastKnownFileType = sourcecode.swift; path = Config.swift; sourceTree = "<group>"; };
/* End PBXFileReference section */

/* Begin PBXFrameworksBuildPhase section */
		B544720C237E79760023BC16 /* Frameworks */ = {
			isa = PBXFrameworksBuildPhase;
			buildActionMask = 2147483647;
			files = (
			);
			runOnlyForDeploymentPostprocessing = 0;
		};
/* End PBXFrameworksBuildPhase section */

/* Begin PBXGroup section */
		B5447206237E79760023BC16 = {
			isa = PBXGroup;
			children = (
				B5447211237E79760023BC16 /* PICommandLineTool */,
				B5447210237E79760023BC16 /* Products */,
			);
			sourceTree = "<group>";
		};
		B5447210237E79760023BC16 /* Products */ = {
			isa = PBXGroup;
			children = (
				B544720F237E79760023BC16 /* PICommandLineTool */,
			);
			name = Products;
			sourceTree = "<group>";
		};
		B5447211237E79760023BC16 /* PICommandLineTool */ = {
			isa = PBXGroup;
			children = (
				B544725923828C1F0023BC16 /* Config */,
				B5447256238274980023BC16 /* Helpers */,
				B54472552382748E0023BC16 /* CommandLineTool */,
				B544724A2382734A0023BC16 /* Extensions */,
				B5447212237E79760023BC16 /* main.swift */,
			);
			path = PICommandLineTool;
			sourceTree = "<group>";
		};
		B544724A2382734A0023BC16 /* Extensions */ = {
			isa = PBXGroup;
			children = (
				B544724B238273680023BC16 /* String+extension.swift */,
				B544724D2382738F0023BC16 /* NSRegularExpression+Extension.swift */,
				B544724F238273F60023BC16 /* FileManager+extension.swift */,
				B54472512382740A0023BC16 /* FileHandle+extension.swift */,
				B54472532382741B0023BC16 /* URL+extension.swift */,
			);
			path = Extensions;
			sourceTree = "<group>";
		};
		B54472552382748E0023BC16 /* CommandLineTool */ = {
			isa = PBXGroup;
			children = (
				B5447244237E9DC90023BC16 /* CommandLineTool.swift */,
			);
			path = CommandLineTool;
			sourceTree = "<group>";
		};
		B5447256238274980023BC16 /* Helpers */ = {
			isa = PBXGroup;
			children = (
				B5447248237FEFA10023BC16 /* Parser.swift */,
				B5447257238275660023BC16 /* Constants.swift */,
			);
			path = Helpers;
			sourceTree = "<group>";
		};
		B544725923828C1F0023BC16 /* Config */ = {
			isa = PBXGroup;
			children = (
				B544725A238292DC0023BC16 /* Config.swift */,
			);
			path = Config;
			sourceTree = "<group>";
		};
/* End PBXGroup section */

/* Begin PBXNativeTarget section */
		B544720E237E79760023BC16 /* PICommandLineTool */ = {
			isa = PBXNativeTarget;
			buildConfigurationList = B5447216237E79760023BC16 /* Build configuration list for PBXNativeTarget "PICommandLineTool" */;
			buildPhases = (
				B544720B237E79760023BC16 /* Sources */,
				B544720C237E79760023BC16 /* Frameworks */,
				B544720D237E79760023BC16 /* CopyFiles */,
				B5447219237E7A9E0023BC16 /* ShellScript */,
			);
			buildRules = (
			);
			dependencies = (
			);
			name = PICommandLineTool;
			productName = PICommandLineTool;
			productReference = B544720F237E79760023BC16 /* PICommandLineTool */;
			productType = "com.apple.product-type.tool";
		};
/* End PBXNativeTarget section */

/* Begin PBXProject section */
		B5447207237E79760023BC16 /* Project object */ = {
			isa = PBXProject;
			attributes = {
				LastSwiftUpdateCheck = 1120;
				LastUpgradeCheck = 1120;
				ORGANIZATIONNAME = "Pavan Itagi";
				TargetAttributes = {
					B544720E237E79760023BC16 = {
						CreatedOnToolsVersion = 11.2.1;
					};
				};
			};
			buildConfigurationList = B544720A237E79760023BC16 /* Build configuration list for PBXProject "PICommandLineTool" */;
			compatibilityVersion = "Xcode 9.3";
			developmentRegion = en;
			hasScannedForEncodings = 0;
			knownRegions = (
				en,
				Base,
			);
			mainGroup = B5447206237E79760023BC16;
			productRefGroup = B5447210237E79760023BC16 /* Products */;
			projectDirPath = "";
			projectRoot = "";
			targets = (
				B544720E237E79760023BC16 /* PICommandLineTool */,
			);
		};
/* End PBXProject section */

/* Begin PBXShellScriptBuildPhase section */
		B5447219237E7A9E0023BC16 /* ShellScript */ = {
			isa = PBXShellScriptBuildPhase;
			buildActionMask = 2147483647;
			files = (
			);
			inputFileListPaths = (
			);
			inputPaths = (
			);
			outputFileListPaths = (
			);
			outputPaths = (
			);
			runOnlyForDeploymentPostprocessing = 0;
			shellPath = /bin/sh;
			shellScript = "cp ${BUILT_PRODUCTS_DIR}/PICommandLineTool ${PROJECT_DIR}/bin\n";
		};
/* End PBXShellScriptBuildPhase section */

/* Begin PBXSourcesBuildPhase section */
		B544720B237E79760023BC16 /* Sources */ = {
			isa = PBXSourcesBuildPhase;
			buildActionMask = 2147483647;
			files = (
				B5447249237FEFA10023BC16 /* Parser.swift in Sources */,
				B54472522382740A0023BC16 /* FileHandle+extension.swift in Sources */,
				B5447250238273F60023BC16 /* FileManager+extension.swift in Sources */,
				B54472542382741B0023BC16 /* URL+extension.swift in Sources */,
				B544724E2382738F0023BC16 /* NSRegularExpression+Extension.swift in Sources */,
				B544724C238273680023BC16 /* String+extension.swift in Sources */,
				B5447213237E79760023BC16 /* main.swift in Sources */,
				B544725B238292DC0023BC16 /* Config.swift in Sources */,
				B5447245237E9DC90023BC16 /* CommandLineTool.swift in Sources */,
				B5447258238275660023BC16 /* Constants.swift in Sources */,
			);
			runOnlyForDeploymentPostprocessing = 0;
		};
/* End PBXSourcesBuildPhase section */

/* Begin XCBuildConfiguration section */
		B5447214237E79760023BC16 /* Debug */ = {
			isa = XCBuildConfiguration;
			buildSettings = {
				ALWAYS_SEARCH_USER_PATHS = NO;
				CLANG_ANALYZER_NONNULL = YES;
				CLANG_ANALYZER_NUMBER_OBJECT_CONVERSION = YES_AGGRESSIVE;
				CLANG_CXX_LANGUAGE_STANDARD = "gnu++14";
				CLANG_CXX_LIBRARY = "libc++";
				CLANG_ENABLE_MODULES = YES;
				CLANG_ENABLE_OBJC_ARC = YES;
				CLANG_ENABLE_OBJC_WEAK = YES;
				CLANG_WARN_BLOCK_CAPTURE_AUTORELEASING = YES;
				CLANG_WARN_BOOL_CONVERSION = YES;
				CLANG_WARN_COMMA = YES;
				CLANG_WARN_CONSTANT_CONVERSION = YES;
				CLANG_WARN_DEPRECATED_OBJC_IMPLEMENTATIONS = YES;
				CLANG_WARN_DIRECT_OBJC_ISA_USAGE = YES_ERROR;
				CLANG_WARN_DOCUMENTATION_COMMENTS = YES;
				CLANG_WARN_EMPTY_BODY = YES;
				CLANG_WARN_ENUM_CONVERSION = YES;
				CLANG_WARN_INFINITE_RECURSION = YES;
				CLANG_WARN_INT_CONVERSION = YES;
				CLANG_WARN_NON_LITERAL_NULL_CONVERSION = YES;
				CLANG_WARN_OBJC_IMPLICIT_RETAIN_SELF = YES;
				CLANG_WARN_OBJC_LITERAL_CONVERSION = YES;
				CLANG_WARN_OBJC_ROOT_CLASS = YES_ERROR;
				CLANG_WARN_RANGE_LOOP_ANALYSIS = YES;
				CLANG_WARN_STRICT_PROTOTYPES = YES;
				CLANG_WARN_SUSPICIOUS_MOVE = YES;
				CLANG_WARN_UNGUARDED_AVAILABILITY = YES_AGGRESSIVE;
				CLANG_WARN_UNREACHABLE_CODE = YES;
				CLANG_WARN__DUPLICATE_METHOD_MATCH = YES;
				COPY_PHASE_STRIP = NO;
				DEBUG_INFORMATION_FORMAT = dwarf;
				ENABLE_STRICT_OBJC_MSGSEND = YES;
				ENABLE_TESTABILITY = YES;
				GCC_C_LANGUAGE_STANDARD = gnu11;
				GCC_DYNAMIC_NO_PIC = NO;
				GCC_NO_COMMON_BLOCKS = YES;
				GCC_OPTIMIZATION_LEVEL = 0;
				GCC_PREPROCESSOR_DEFINITIONS = (
					"DEBUG=1",
					"$(inherited)",
				);
				GCC_WARN_64_TO_32_BIT_CONVERSION = YES;
				GCC_WARN_ABOUT_RETURN_TYPE = YES_ERROR;
				GCC_WARN_UNDECLARED_SELECTOR = YES;
				GCC_WARN_UNINITIALIZED_AUTOS = YES_AGGRESSIVE;
				GCC_WARN_UNUSED_FUNCTION = YES;
				GCC_WARN_UNUSED_VARIABLE = YES;
				MACOSX_DEPLOYMENT_TARGET = 10.15;
				MTL_ENABLE_DEBUG_INFO = INCLUDE_SOURCE;
				MTL_FAST_MATH = YES;
				ONLY_ACTIVE_ARCH = YES;
				SDKROOT = macosx;
				SWIFT_ACTIVE_COMPILATION_CONDITIONS = DEBUG;
				SWIFT_OPTIMIZATION_LEVEL = "-Onone";
			};
			name = Debug;
		};
		B5447215237E79760023BC16 /* Release */ = {
			isa = XCBuildConfiguration;
			buildSettings = {
				ALWAYS_SEARCH_USER_PATHS = NO;
				CLANG_ANALYZER_NONNULL = YES;
				CLANG_ANALYZER_NUMBER_OBJECT_CONVERSION = YES_AGGRESSIVE;
				CLANG_CXX_LANGUAGE_STANDARD = "gnu++14";
				CLANG_CXX_LIBRARY = "libc++";
				CLANG_ENABLE_MODULES = YES;
				CLANG_ENABLE_OBJC_ARC = YES;
				CLANG_ENABLE_OBJC_WEAK = YES;
				CLANG_WARN_BLOCK_CAPTURE_AUTORELEASING = YES;
				CLANG_WARN_BOOL_CONVERSION = YES;
				CLANG_WARN_COMMA = YES;
				CLANG_WARN_CONSTANT_CONVERSION = YES;
				CLANG_WARN_DEPRECATED_OBJC_IMPLEMENTATIONS = YES;
				CLANG_WARN_DIRECT_OBJC_ISA_USAGE = YES_ERROR;
				CLANG_WARN_DOCUMENTATION_COMMENTS = YES;
				CLANG_WARN_EMPTY_BODY = YES;
				CLANG_WARN_ENUM_CONVERSION = YES;
				CLANG_WARN_INFINITE_RECURSION = YES;
				CLANG_WARN_INT_CONVERSION = YES;
				CLANG_WARN_NON_LITERAL_NULL_CONVERSION = YES;
				CLANG_WARN_OBJC_IMPLICIT_RETAIN_SELF = YES;
				CLANG_WARN_OBJC_LITERAL_CONVERSION = YES;
				CLANG_WARN_OBJC_ROOT_CLASS = YES_ERROR;
				CLANG_WARN_RANGE_LOOP_ANALYSIS = YES;
				CLANG_WARN_STRICT_PROTOTYPES = YES;
				CLANG_WARN_SUSPICIOUS_MOVE = YES;
				CLANG_WARN_UNGUARDED_AVAILABILITY = YES_AGGRESSIVE;
				CLANG_WARN_UNREACHABLE_CODE = YES;
				CLANG_WARN__DUPLICATE_METHOD_MATCH = YES;
				COPY_PHASE_STRIP = NO;
				DEBUG_INFORMATION_FORMAT = "dwarf-with-dsym";
				ENABLE_NS_ASSERTIONS = NO;
				ENABLE_STRICT_OBJC_MSGSEND = YES;
				GCC_C_LANGUAGE_STANDARD = gnu11;
				GCC_NO_COMMON_BLOCKS = YES;
				GCC_WARN_64_TO_32_BIT_CONVERSION = YES;
				GCC_WARN_ABOUT_RETURN_TYPE = YES_ERROR;
				GCC_WARN_UNDECLARED_SELECTOR = YES;
				GCC_WARN_UNINITIALIZED_AUTOS = YES_AGGRESSIVE;
				GCC_WARN_UNUSED_FUNCTION = YES;
				GCC_WARN_UNUSED_VARIABLE = YES;
				MACOSX_DEPLOYMENT_TARGET = 10.15;
				MTL_ENABLE_DEBUG_INFO = NO;
				MTL_FAST_MATH = YES;
				SDKROOT = macosx;
				SWIFT_COMPILATION_MODE = wholemodule;
				SWIFT_OPTIMIZATION_LEVEL = "-O";
			};
			name = Release;
		};
		B5447217237E79760023BC16 /* Debug */ = {
			isa = XCBuildConfiguration;
			buildSettings = {
				CODE_SIGN_STYLE = Automatic;
				DEVELOPMENT_TEAM = J67TP5L7UM;
				ENABLE_HARDENED_RUNTIME = YES;
				PRODUCT_NAME = "$(TARGET_NAME)";
				SWIFT_VERSION = 5.0;
			};
			name = Debug;
		};
		B5447218237E79760023BC16 /* Release */ = {
			isa = XCBuildConfiguration;
			buildSettings = {
				CODE_SIGN_STYLE = Automatic;
				DEVELOPMENT_TEAM = J67TP5L7UM;
				ENABLE_HARDENED_RUNTIME = YES;
				PRODUCT_NAME = "$(TARGET_NAME)";
				SWIFT_VERSION = 5.0;
			};
			name = Release;
		};
/* End XCBuildConfiguration section */

/* Begin XCConfigurationList section */
		B544720A237E79760023BC16 /* Build configuration list for PBXProject "PICommandLineTool" */ = {
			isa = XCConfigurationList;
			buildConfigurations = (
				B5447214237E79760023BC16 /* Debug */,
				B5447215237E79760023BC16 /* Release */,
			);
			defaultConfigurationIsVisible = 0;
			defaultConfigurationName = Release;
		};
		B5447216237E79760023BC16 /* Build configuration list for PBXNativeTarget "PICommandLineTool" */ = {
			isa = XCConfigurationList;
			buildConfigurations = (
				B5447217237E79760023BC16 /* Debug */,
				B5447218237E79760023BC16 /* Release */,
			);
			defaultConfigurationIsVisible = 0;
			defaultConfigurationName = Release;
		};
/* End XCConfigurationList section */
	};
	rootObject = B5447207237E79760023BC16 /* Project object */;
}
